<?xml version="1.0" encoding="UTF-8"?>
<!DOCTYPE plist PUBLIC "-//Apple//DTD PLIST 1.0//EN" "http://www.apple.com/DTDs/PropertyList-1.0.dtd">
<plist version="1.0">
<dict>
	<key>archiveVersion</key>
	<string>1</string>
	<key>classes</key>
	<dict/>
	<key>objectVersion</key>
	<string>46</string>
	<key>objects</key>
	<dict>
		<key>14AD8B4F72AF8406CAFB7BB4</key>
		<dict>
			<key>fileRef</key>
			<string>54F66D21A219E2DE2552C558</string>
			<key>isa</key>
			<string>PBXBuildFile</string>
		</dict>
		<key>18358B86B04E6BB359E08054</key>
		<dict>
			<key>includeInIndex</key>
			<string>1</string>
			<key>isa</key>
			<string>PBXFileReference</string>
			<key>lastKnownFileType</key>
			<string>text.xcconfig</string>
			<key>name</key>
			<string>Pods-Gift4Tests.debug.xcconfig</string>
			<key>path</key>
			<string>Pods/Target Support Files/Pods-Gift4Tests/Pods-Gift4Tests.debug.xcconfig</string>
			<key>sourceTree</key>
			<string>&lt;group&gt;</string>
		</dict>
		<key>30F8E65FF79582A56719CF51</key>
		<dict>
			<key>buildActionMask</key>
			<string>2147483647</string>
			<key>files</key>
			<array/>
			<key>inputPaths</key>
			<array/>
			<key>isa</key>
			<string>PBXShellScriptBuildPhase</string>
			<key>name</key>
			<string>Check Pods Manifest.lock</string>
			<key>outputPaths</key>
			<array/>
			<key>runOnlyForDeploymentPostprocessing</key>
			<string>0</string>
			<key>shellPath</key>
			<string>/bin/sh</string>
			<key>shellScript</key>
			<string>diff "${PODS_ROOT}/../Podfile.lock" "${PODS_ROOT}/Manifest.lock" &gt; /dev/null
if [[ $? != 0 ]] ; then
    cat &lt;&lt; EOM
error: The sandbox is not in sync with the Podfile.lock. Run 'pod install' or update your CocoaPods installation.
EOM
    exit 1
fi
</string>
			<key>showEnvVarsInLog</key>
			<string>0</string>
		</dict>
		<key>5336403C2244EDFF61F641F2</key>
		<dict>
			<key>explicitFileType</key>
			<string>archive.ar</string>
			<key>includeInIndex</key>
			<string>0</string>
			<key>isa</key>
			<string>PBXFileReference</string>
			<key>path</key>
			<string>libPods.a</string>
			<key>sourceTree</key>
			<string>BUILT_PRODUCTS_DIR</string>
		</dict>
		<key>54F66D21A219E2DE2552C558</key>
		<dict>
			<key>explicitFileType</key>
			<string>archive.ar</string>
			<key>includeInIndex</key>
			<string>0</string>
			<key>isa</key>
			<string>PBXFileReference</string>
			<key>path</key>
			<string>libPods-Gift4Tests.a</string>
			<key>sourceTree</key>
			<string>BUILT_PRODUCTS_DIR</string>
		</dict>
		<key>5EEBB450EA88F902B99E1989</key>
		<dict>
			<key>includeInIndex</key>
			<string>1</string>
			<key>isa</key>
			<string>PBXFileReference</string>
			<key>lastKnownFileType</key>
			<string>text.xcconfig</string>
			<key>name</key>
			<string>Pods-Gift4.release.xcconfig</string>
			<key>path</key>
			<string>Pods/Target Support Files/Pods-Gift4/Pods-Gift4.release.xcconfig</string>
			<key>sourceTree</key>
			<string>&lt;group&gt;</string>
		</dict>
		<key>690B3A8E1ABE763F00812E02</key>
		<dict>
			<key>children</key>
			<array>
				<string>690B3A901ABE76C600812E02</string>
				<string>690B3A911ABE76C600812E02</string>
			</array>
			<key>isa</key>
			<string>PBXGroup</string>
			<key>name</key>
			<string>Model</string>
			<key>sourceTree</key>
			<string>&lt;group&gt;</string>
		</dict>
		<key>690B3A901ABE76C600812E02</key>
		<dict>
			<key>fileEncoding</key>
			<string>4</string>
			<key>isa</key>
			<string>PBXFileReference</string>
			<key>lastKnownFileType</key>
			<string>sourcecode.c.h</string>
			<key>name</key>
			<string>LoginModel.h</string>
			<key>path</key>
			<string>Model/LoginModel.h</string>
			<key>sourceTree</key>
			<string>&lt;group&gt;</string>
		</dict>
		<key>690B3A911ABE76C600812E02</key>
		<dict>
			<key>fileEncoding</key>
			<string>4</string>
			<key>isa</key>
			<string>PBXFileReference</string>
			<key>lastKnownFileType</key>
			<string>sourcecode.c.objc</string>
			<key>name</key>
			<string>LoginModel.m</string>
			<key>path</key>
			<string>Model/LoginModel.m</string>
			<key>sourceTree</key>
			<string>&lt;group&gt;</string>
		</dict>
		<key>690B3A921ABE76C600812E02</key>
		<dict>
			<key>fileRef</key>
			<string>690B3A911ABE76C600812E02</string>
			<key>isa</key>
			<string>PBXBuildFile</string>
		</dict>
		<key>690B3A981ABE7CAF00812E02</key>
		<dict>
			<key>fileEncoding</key>
			<string>4</string>
			<key>isa</key>
			<string>PBXFileReference</string>
			<key>lastKnownFileType</key>
			<string>sourcecode.c.h</string>
			<key>path</key>
			<string>Constants.h</string>
			<key>sourceTree</key>
			<string>&lt;group&gt;</string>
		</dict>
		<key>690B3A991ABE7CAF00812E02</key>
		<dict>
			<key>fileEncoding</key>
			<string>4</string>
			<key>isa</key>
			<string>PBXFileReference</string>
			<key>lastKnownFileType</key>
			<string>sourcecode.c.objc</string>
			<key>path</key>
			<string>Constants.m</string>
			<key>sourceTree</key>
			<string>&lt;group&gt;</string>
		</dict>
		<key>690B3A9A1ABE7CAF00812E02</key>
		<dict>
			<key>fileRef</key>
			<string>690B3A991ABE7CAF00812E02</string>
			<key>isa</key>
			<string>PBXBuildFile</string>
		</dict>
		<key>690B3A9B1ABF0DE700812E02</key>
		<dict>
			<key>fileEncoding</key>
			<string>4</string>
			<key>isa</key>
			<string>PBXFileReference</string>
			<key>lastKnownFileType</key>
			<string>sourcecode.c.h</string>
			<key>name</key>
			<string>LoginViewController.h</string>
			<key>path</key>
			<string>Controller/LoginViewController.h</string>
			<key>sourceTree</key>
			<string>&lt;group&gt;</string>
		</dict>
		<key>690B3A9C1ABF0DE700812E02</key>
		<dict>
			<key>fileEncoding</key>
			<string>4</string>
			<key>isa</key>
			<string>PBXFileReference</string>
			<key>lastKnownFileType</key>
			<string>sourcecode.c.objc</string>
			<key>name</key>
			<string>LoginViewController.m</string>
			<key>path</key>
			<string>Controller/LoginViewController.m</string>
			<key>sourceTree</key>
			<string>&lt;group&gt;</string>
		</dict>
		<key>690B3A9D1ABF0DE700812E02</key>
		<dict>
			<key>fileRef</key>
			<string>690B3A9C1ABF0DE700812E02</string>
			<key>isa</key>
			<string>PBXBuildFile</string>
		</dict>
		<key>690B3A9E1ABFAA9700812E02</key>
		<dict>
			<key>children</key>
			<array>
				<string>69600D681AC1250700D61130</string>
				<string>69600D691AC1250700D61130</string>
				<string>690B3A9F1ABFAAB900812E02</string>
				<string>690B3AA01ABFAAB900812E02</string>
			</array>
			<key>isa</key>
			<string>PBXGroup</string>
			<key>name</key>
			<string>Mechanisms</string>
			<key>sourceTree</key>
			<string>&lt;group&gt;</string>
		</dict>
		<key>690B3A9F1ABFAAB900812E02</key>
		<dict>
			<key>fileEncoding</key>
			<string>4</string>
			<key>isa</key>
			<string>PBXFileReference</string>
			<key>lastKnownFileType</key>
			<string>sourcecode.c.h</string>
			<key>name</key>
			<string>ConnectionManager.h</string>
			<key>path</key>
			<string>Mechanisms/ConnectionManager.h</string>
			<key>sourceTree</key>
			<string>&lt;group&gt;</string>
		</dict>
		<key>690B3AA01ABFAAB900812E02</key>
		<dict>
			<key>fileEncoding</key>
			<string>4</string>
			<key>isa</key>
			<string>PBXFileReference</string>
			<key>lastKnownFileType</key>
			<string>sourcecode.c.objc</string>
			<key>name</key>
			<string>ConnectionManager.m</string>
			<key>path</key>
			<string>Mechanisms/ConnectionManager.m</string>
			<key>sourceTree</key>
			<string>&lt;group&gt;</string>
		</dict>
		<key>690B3AA11ABFAAB900812E02</key>
		<dict>
			<key>fileRef</key>
			<string>690B3AA01ABFAAB900812E02</string>
			<key>isa</key>
			<string>PBXBuildFile</string>
		</dict>
		<key>69600D681AC1250700D61130</key>
		<dict>
			<key>fileEncoding</key>
			<string>4</string>
			<key>isa</key>
			<string>PBXFileReference</string>
			<key>lastKnownFileType</key>
			<string>sourcecode.c.h</string>
			<key>path</key>
			<string>AFOAuth1Client.h</string>
			<key>sourceTree</key>
			<string>&lt;group&gt;</string>
		</dict>
		<key>69600D691AC1250700D61130</key>
		<dict>
			<key>fileEncoding</key>
			<string>4</string>
			<key>isa</key>
			<string>PBXFileReference</string>
			<key>lastKnownFileType</key>
			<string>sourcecode.c.objc</string>
			<key>path</key>
			<string>AFOAuth1Client.m</string>
			<key>sourceTree</key>
			<string>&lt;group&gt;</string>
		</dict>
		<key>69600D6A1AC1250700D61130</key>
		<dict>
			<key>fileRef</key>
			<string>69600D691AC1250700D61130</string>
			<key>isa</key>
			<string>PBXBuildFile</string>
		</dict>
		<key>6960ACE21AB28492000617E1</key>
		<dict>
			<key>fileEncoding</key>
			<string>4</string>
			<key>isa</key>
			<string>PBXFileReference</string>
			<key>lastKnownFileType</key>
			<string>text.plist.xml</string>
			<key>path</key>
			<string>StyleSettings.plist</string>
			<key>sourceTree</key>
			<string>&lt;group&gt;</string>
		</dict>
		<key>6960ACE31AB28492000617E1</key>
		<dict>
			<key>fileRef</key>
			<string>6960ACE21AB28492000617E1</string>
			<key>isa</key>
			<string>PBXBuildFile</string>
		</dict>
		<key>698037F31A8EE9AC00A9B9B4</key>
		<dict>
			<key>fileEncoding</key>
			<string>4</string>
			<key>isa</key>
			<string>PBXFileReference</string>
			<key>lastKnownFileType</key>
			<string>sourcecode.swift</string>
			<key>path</key>
			<string>BlurImageView.swift</string>
			<key>sourceTree</key>
			<string>&lt;group&gt;</string>
		</dict>
		<key>698037F41A8EE9AC00A9B9B4</key>
		<dict>
			<key>fileRef</key>
			<string>698037F31A8EE9AC00A9B9B4</string>
			<key>isa</key>
			<string>PBXBuildFile</string>
		</dict>
		<key>69AD75F81A8E9DCF001CF262</key>
		<dict>
			<key>children</key>
			<array>
				<string>69AD76031A8E9DCF001CF262</string>
				<string>69AD76191A8E9DCF001CF262</string>
				<string>69AD76021A8E9DCF001CF262</string>
				<string>87CF3D1DC1FDDC46039390D0</string>
				<string>98F166A9FDEE1182F49C589A</string>
			</array>
			<key>isa</key>
			<string>PBXGroup</string>
			<key>sourceTree</key>
			<string>&lt;group&gt;</string>
		</dict>
		<key>69AD75F91A8E9DCF001CF262</key>
		<dict>
			<key>attributes</key>
			<dict>
				<key>LastUpgradeCheck</key>
				<string>0610</string>
				<key>ORGANIZATIONNAME</key>
				<string>Rafael Juzo Gomes Oda</string>
				<key>TargetAttributes</key>
				<dict>
					<key>69AD76001A8E9DCF001CF262</key>
					<dict>
						<key>CreatedOnToolsVersion</key>
						<string>6.1.1</string>
					</dict>
					<key>69AD76151A8E9DCF001CF262</key>
					<dict>
						<key>CreatedOnToolsVersion</key>
						<string>6.1.1</string>
						<key>TestTargetID</key>
						<string>69AD76001A8E9DCF001CF262</string>
					</dict>
				</dict>
			</dict>
			<key>buildConfigurationList</key>
			<string>69AD75FC1A8E9DCF001CF262</string>
			<key>compatibilityVersion</key>
			<string>Xcode 3.2</string>
			<key>developmentRegion</key>
			<string>English</string>
			<key>hasScannedForEncodings</key>
			<string>0</string>
			<key>isa</key>
			<string>PBXProject</string>
			<key>knownRegions</key>
			<array>
				<string>en</string>
				<string>Base</string>
			</array>
			<key>mainGroup</key>
			<string>69AD75F81A8E9DCF001CF262</string>
			<key>productRefGroup</key>
			<string>69AD76021A8E9DCF001CF262</string>
			<key>projectDirPath</key>
			<string></string>
			<key>projectReferences</key>
			<array/>
			<key>projectRoot</key>
			<string></string>
			<key>targets</key>
			<array>
				<string>69AD76001A8E9DCF001CF262</string>
				<string>69AD76151A8E9DCF001CF262</string>
			</array>
		</dict>
		<key>69AD75FC1A8E9DCF001CF262</key>
		<dict>
			<key>buildConfigurations</key>
			<array>
				<string>69AD761E1A8E9DCF001CF262</string>
				<string>69AD761F1A8E9DCF001CF262</string>
			</array>
			<key>defaultConfigurationIsVisible</key>
			<string>0</string>
			<key>defaultConfigurationName</key>
			<string>Release</string>
			<key>isa</key>
			<string>XCConfigurationList</string>
		</dict>
		<key>69AD75FD1A8E9DCF001CF262</key>
		<dict>
			<key>buildActionMask</key>
			<string>2147483647</string>
			<key>files</key>
			<array>
				<string>69AD762A1A8EA84E001CF262</string>
				<string>69AD76091A8E9DCF001CF262</string>
				<string>690B3A921ABE76C600812E02</string>
				<string>69600D6A1AC1250700D61130</string>
				<string>690B3AA11ABFAAB900812E02</string>
				<string>69AD76071A8E9DCF001CF262</string>
				<string>690B3A9D1ABF0DE700812E02</string>
				<string>69AD763D1A8EC3D8001CF262</string>
				<string>690B3A9A1ABE7CAF00812E02</string>
				<string>69AD76381A8EB043001CF262</string>
				<string>69AD763F1A8EC3E8001CF262</string>
				<string>698037F41A8EE9AC00A9B9B4</string>
			</array>
			<key>isa</key>
			<string>PBXSourcesBuildPhase</string>
			<key>runOnlyForDeploymentPostprocessing</key>
			<string>0</string>
		</dict>
		<key>69AD75FE1A8E9DCF001CF262</key>
		<dict>
			<key>buildActionMask</key>
			<string>2147483647</string>
			<key>files</key>
			<array>
				<string>DE77440671D02D2B9482DFB9</string>
				<string>FFF332DF5C63568FF9056109</string>
			</array>
			<key>isa</key>
			<string>PBXFrameworksBuildPhase</string>
			<key>runOnlyForDeploymentPostprocessing</key>
			<string>0</string>
		</dict>
		<key>69AD75FF1A8E9DCF001CF262</key>
		<dict>
			<key>buildActionMask</key>
			<string>2147483647</string>
			<key>files</key>
			<array>
				<string>69AD760C1A8E9DCF001CF262</string>
				<string>69AD76111A8E9DCF001CF262</string>
				<string>69AD760E1A8E9DCF001CF262</string>
				<string>6960ACE31AB28492000617E1</string>
			</array>
			<key>isa</key>
			<string>PBXResourcesBuildPhase</string>
			<key>runOnlyForDeploymentPostprocessing</key>
			<string>0</string>
		</dict>
		<key>69AD76001A8E9DCF001CF262</key>
		<dict>
			<key>buildConfigurationList</key>
			<string>69AD76201A8E9DCF001CF262</string>
			<key>buildPhases</key>
			<array>
				<string>30F8E65FF79582A56719CF51</string>
				<string>69AD75FD1A8E9DCF001CF262</string>
				<string>69AD75FE1A8E9DCF001CF262</string>
				<string>69AD75FF1A8E9DCF001CF262</string>
				<string>8585C7EDD5397C4E07DA8F3B</string>
				<string>OBJCLEANCUSTOMRUNSCRIPTT</string>
			</array>
			<key>buildRules</key>
			<array/>
			<key>dependencies</key>
			<array/>
			<key>isa</key>
			<string>PBXNativeTarget</string>
			<key>name</key>
			<string>Gift4</string>
			<key>productName</key>
			<string>Gift4</string>
			<key>productReference</key>
			<string>69AD76011A8E9DCF001CF262</string>
			<key>productType</key>
			<string>com.apple.product-type.application</string>
		</dict>
		<key>69AD76011A8E9DCF001CF262</key>
		<dict>
			<key>explicitFileType</key>
			<string>wrapper.application</string>
			<key>includeInIndex</key>
			<string>0</string>
			<key>isa</key>
			<string>PBXFileReference</string>
			<key>path</key>
			<string>Gift4.app</string>
			<key>sourceTree</key>
			<string>BUILT_PRODUCTS_DIR</string>
		</dict>
		<key>69AD76021A8E9DCF001CF262</key>
		<dict>
			<key>children</key>
			<array>
				<string>69AD76011A8E9DCF001CF262</string>
				<string>69AD76161A8E9DCF001CF262</string>
			</array>
			<key>isa</key>
			<string>PBXGroup</string>
			<key>name</key>
			<string>Products</string>
			<key>sourceTree</key>
			<string>&lt;group&gt;</string>
		</dict>
		<key>69AD76031A8E9DCF001CF262</key>
		<dict>
			<key>children</key>
			<array>
				<string>690B3A9E1ABFAA9700812E02</string>
				<string>690B3A8E1ABE763F00812E02</string>
				<string>69AD76391A8EC378001CF262</string>
				<string>69AD762B1A8EAD36001CF262</string>
				<string>69AD76261A8EA824001CF262</string>
				<string>69AD76041A8E9DCF001CF262</string>
			</array>
			<key>isa</key>
			<string>PBXGroup</string>
			<key>path</key>
			<string>Gift4</string>
			<key>sourceTree</key>
			<string>&lt;group&gt;</string>
		</dict>
		<key>69AD76041A8E9DCF001CF262</key>
		<dict>
			<key>children</key>
			<array>
				<string>6960ACE21AB28492000617E1</string>
				<string>69AD76061A8E9DCF001CF262</string>
				<string>69AD76051A8E9DCF001CF262</string>
			</array>
			<key>isa</key>
			<string>PBXGroup</string>
			<key>name</key>
			<string>Supporting Files</string>
			<key>sourceTree</key>
			<string>&lt;group&gt;</string>
		</dict>
		<key>69AD76051A8E9DCF001CF262</key>
		<dict>
			<key>isa</key>
			<string>PBXFileReference</string>
			<key>lastKnownFileType</key>
			<string>text.plist.xml</string>
			<key>path</key>
			<string>Info.plist</string>
			<key>sourceTree</key>
			<string>&lt;group&gt;</string>
		</dict>
		<key>69AD76061A8E9DCF001CF262</key>
		<dict>
			<key>isa</key>
			<string>PBXFileReference</string>
			<key>lastKnownFileType</key>
			<string>sourcecode.swift</string>
			<key>path</key>
			<string>AppDelegate.swift</string>
			<key>sourceTree</key>
			<string>&lt;group&gt;</string>
		</dict>
		<key>69AD76071A8E9DCF001CF262</key>
		<dict>
			<key>fileRef</key>
			<string>69AD76061A8E9DCF001CF262</string>
			<key>isa</key>
			<string>PBXBuildFile</string>
		</dict>
		<key>69AD76081A8E9DCF001CF262</key>
		<dict>
			<key>isa</key>
			<string>PBXFileReference</string>
			<key>lastKnownFileType</key>
			<string>sourcecode.swift</string>
			<key>path</key>
			<string>ViewController.swift</string>
			<key>sourceTree</key>
			<string>&lt;group&gt;</string>
		</dict>
		<key>69AD76091A8E9DCF001CF262</key>
		<dict>
			<key>fileRef</key>
			<string>69AD76081A8E9DCF001CF262</string>
			<key>isa</key>
			<string>PBXBuildFile</string>
		</dict>
		<key>69AD760A1A8E9DCF001CF262</key>
		<dict>
			<key>children</key>
			<array>
				<string>69AD760B1A8E9DCF001CF262</string>
			</array>
			<key>isa</key>
			<string>PBXVariantGroup</string>
			<key>name</key>
			<string>Main.storyboard</string>
			<key>sourceTree</key>
			<string>&lt;group&gt;</string>
		</dict>
		<key>69AD760B1A8E9DCF001CF262</key>
		<dict>
			<key>isa</key>
			<string>PBXFileReference</string>
			<key>lastKnownFileType</key>
			<string>file.storyboard</string>
			<key>name</key>
			<string>Base</string>
			<key>path</key>
			<string>Base.lproj/Main.storyboard</string>
			<key>sourceTree</key>
			<string>&lt;group&gt;</string>
		</dict>
		<key>69AD760C1A8E9DCF001CF262</key>
		<dict>
			<key>fileRef</key>
			<string>69AD760A1A8E9DCF001CF262</string>
			<key>isa</key>
			<string>PBXBuildFile</string>
		</dict>
		<key>69AD760D1A8E9DCF001CF262</key>
		<dict>
			<key>isa</key>
			<string>PBXFileReference</string>
			<key>lastKnownFileType</key>
			<string>folder.assetcatalog</string>
			<key>path</key>
			<string>Images.xcassets</string>
			<key>sourceTree</key>
			<string>&lt;group&gt;</string>
		</dict>
		<key>69AD760E1A8E9DCF001CF262</key>
		<dict>
			<key>fileRef</key>
			<string>69AD760D1A8E9DCF001CF262</string>
			<key>isa</key>
			<string>PBXBuildFile</string>
		</dict>
		<key>69AD760F1A8E9DCF001CF262</key>
		<dict>
			<key>children</key>
			<array>
				<string>69AD76101A8E9DCF001CF262</string>
			</array>
			<key>isa</key>
			<string>PBXVariantGroup</string>
			<key>name</key>
			<string>LaunchScreen.xib</string>
			<key>sourceTree</key>
			<string>&lt;group&gt;</string>
		</dict>
		<key>69AD76101A8E9DCF001CF262</key>
		<dict>
			<key>isa</key>
			<string>PBXFileReference</string>
			<key>lastKnownFileType</key>
			<string>file.xib</string>
			<key>name</key>
			<string>Base</string>
			<key>path</key>
			<string>Base.lproj/LaunchScreen.xib</string>
			<key>sourceTree</key>
			<string>&lt;group&gt;</string>
		</dict>
		<key>69AD76111A8E9DCF001CF262</key>
		<dict>
			<key>fileRef</key>
			<string>69AD760F1A8E9DCF001CF262</string>
			<key>isa</key>
			<string>PBXBuildFile</string>
		</dict>
		<key>69AD76121A8E9DCF001CF262</key>
		<dict>
			<key>buildActionMask</key>
			<string>2147483647</string>
			<key>files</key>
			<array>
				<string>69AD761D1A8E9DCF001CF262</string>
			</array>
			<key>isa</key>
			<string>PBXSourcesBuildPhase</string>
			<key>runOnlyForDeploymentPostprocessing</key>
			<string>0</string>
		</dict>
		<key>69AD76131A8E9DCF001CF262</key>
		<dict>
			<key>buildActionMask</key>
			<string>2147483647</string>
			<key>files</key>
			<array>
				<string>14AD8B4F72AF8406CAFB7BB4</string>
			</array>
			<key>isa</key>
			<string>PBXFrameworksBuildPhase</string>
			<key>runOnlyForDeploymentPostprocessing</key>
			<string>0</string>
		</dict>
		<key>69AD76141A8E9DCF001CF262</key>
		<dict>
			<key>buildActionMask</key>
			<string>2147483647</string>
			<key>files</key>
			<array/>
			<key>isa</key>
			<string>PBXResourcesBuildPhase</string>
			<key>runOnlyForDeploymentPostprocessing</key>
			<string>0</string>
		</dict>
		<key>69AD76151A8E9DCF001CF262</key>
		<dict>
			<key>buildConfigurationList</key>
			<string>69AD76231A8E9DCF001CF262</string>
			<key>buildPhases</key>
			<array>
				<string>7E991F560D8FD9EDBDFB7084</string>
				<string>69AD76121A8E9DCF001CF262</string>
				<string>69AD76131A8E9DCF001CF262</string>
				<string>69AD76141A8E9DCF001CF262</string>
				<string>ECEF9CC15F03076EDEAC298C</string>
			</array>
			<key>buildRules</key>
			<array/>
			<key>dependencies</key>
			<array>
				<string>69AD76181A8E9DCF001CF262</string>
			</array>
			<key>isa</key>
			<string>PBXNativeTarget</string>
			<key>name</key>
			<string>Gift4Tests</string>
			<key>productName</key>
			<string>Gift4Tests</string>
			<key>productReference</key>
			<string>69AD76161A8E9DCF001CF262</string>
			<key>productType</key>
			<string>com.apple.product-type.bundle.unit-test</string>
		</dict>
		<key>69AD76161A8E9DCF001CF262</key>
		<dict>
			<key>explicitFileType</key>
			<string>wrapper.cfbundle</string>
			<key>includeInIndex</key>
			<string>0</string>
			<key>isa</key>
			<string>PBXFileReference</string>
			<key>path</key>
			<string>Gift4Tests.xctest</string>
			<key>sourceTree</key>
			<string>BUILT_PRODUCTS_DIR</string>
		</dict>
		<key>69AD76171A8E9DCF001CF262</key>
		<dict>
			<key>containerPortal</key>
			<string>69AD75F91A8E9DCF001CF262</string>
			<key>isa</key>
			<string>PBXContainerItemProxy</string>
			<key>proxyType</key>
			<string>1</string>
			<key>remoteGlobalIDString</key>
			<string>69AD76001A8E9DCF001CF262</string>
			<key>remoteInfo</key>
			<string>Gift4</string>
		</dict>
		<key>69AD76181A8E9DCF001CF262</key>
		<dict>
			<key>isa</key>
			<string>PBXTargetDependency</string>
			<key>target</key>
			<string>69AD76001A8E9DCF001CF262</string>
			<key>targetProxy</key>
			<string>69AD76171A8E9DCF001CF262</string>
		</dict>
		<key>69AD76191A8E9DCF001CF262</key>
		<dict>
			<key>children</key>
			<array>
				<string>69AD761C1A8E9DCF001CF262</string>
				<string>69AD761A1A8E9DCF001CF262</string>
			</array>
			<key>isa</key>
			<string>PBXGroup</string>
			<key>path</key>
			<string>Gift4Tests</string>
			<key>sourceTree</key>
			<string>&lt;group&gt;</string>
		</dict>
		<key>69AD761A1A8E9DCF001CF262</key>
		<dict>
			<key>children</key>
			<array>
				<string>69AD761B1A8E9DCF001CF262</string>
			</array>
			<key>isa</key>
			<string>PBXGroup</string>
			<key>name</key>
			<string>Supporting Files</string>
			<key>sourceTree</key>
			<string>&lt;group&gt;</string>
		</dict>
		<key>69AD761B1A8E9DCF001CF262</key>
		<dict>
			<key>isa</key>
			<string>PBXFileReference</string>
			<key>lastKnownFileType</key>
			<string>text.plist.xml</string>
			<key>path</key>
			<string>Info.plist</string>
			<key>sourceTree</key>
			<string>&lt;group&gt;</string>
		</dict>
		<key>69AD761C1A8E9DCF001CF262</key>
		<dict>
			<key>isa</key>
			<string>PBXFileReference</string>
			<key>lastKnownFileType</key>
			<string>sourcecode.swift</string>
			<key>path</key>
			<string>Gift4Tests.swift</string>
			<key>sourceTree</key>
			<string>&lt;group&gt;</string>
		</dict>
		<key>69AD761D1A8E9DCF001CF262</key>
		<dict>
			<key>fileRef</key>
			<string>69AD761C1A8E9DCF001CF262</string>
			<key>isa</key>
			<string>PBXBuildFile</string>
		</dict>
		<key>69AD761E1A8E9DCF001CF262</key>
		<dict>
			<key>buildSettings</key>
			<dict>
				<key>ALWAYS_SEARCH_USER_PATHS</key>
				<string>NO</string>
				<key>CLANG_CXX_LANGUAGE_STANDARD</key>
				<string>gnu++0x</string>
				<key>CLANG_CXX_LIBRARY</key>
				<string>libc++</string>
				<key>CLANG_ENABLE_MODULES</key>
				<string>YES</string>
				<key>CLANG_ENABLE_OBJC_ARC</key>
				<string>YES</string>
				<key>CLANG_WARN_BOOL_CONVERSION</key>
				<string>YES</string>
				<key>CLANG_WARN_CONSTANT_CONVERSION</key>
				<string>YES</string>
				<key>CLANG_WARN_DIRECT_OBJC_ISA_USAGE</key>
				<string>YES_ERROR</string>
				<key>CLANG_WARN_EMPTY_BODY</key>
				<string>YES</string>
				<key>CLANG_WARN_ENUM_CONVERSION</key>
				<string>YES</string>
				<key>CLANG_WARN_INT_CONVERSION</key>
				<string>YES</string>
				<key>CLANG_WARN_OBJC_ROOT_CLASS</key>
				<string>YES_ERROR</string>
				<key>CLANG_WARN_UNREACHABLE_CODE</key>
				<string>YES</string>
				<key>CLANG_WARN__DUPLICATE_METHOD_MATCH</key>
				<string>YES</string>
				<key>CODE_SIGN_IDENTITY[sdk=iphoneos*]</key>
				<string>iPhone Developer</string>
				<key>COPY_PHASE_STRIP</key>
				<string>NO</string>
				<key>ENABLE_STRICT_OBJC_MSGSEND</key>
				<string>YES</string>
				<key>GCC_C_LANGUAGE_STANDARD</key>
				<string>gnu99</string>
				<key>GCC_DYNAMIC_NO_PIC</key>
				<string>NO</string>
				<key>GCC_OPTIMIZATION_LEVEL</key>
				<string>0</string>
				<key>GCC_PREPROCESSOR_DEFINITIONS</key>
				<array>
					<string>DEBUG=1</string>
					<string>$(inherited)</string>
				</array>
				<key>GCC_SYMBOLS_PRIVATE_EXTERN</key>
				<string>NO</string>
				<key>GCC_WARN_64_TO_32_BIT_CONVERSION</key>
				<string>YES</string>
				<key>GCC_WARN_ABOUT_RETURN_TYPE</key>
				<string>YES_ERROR</string>
				<key>GCC_WARN_UNDECLARED_SELECTOR</key>
				<string>YES</string>
				<key>GCC_WARN_UNINITIALIZED_AUTOS</key>
				<string>YES_AGGRESSIVE</string>
				<key>GCC_WARN_UNUSED_FUNCTION</key>
				<string>YES</string>
				<key>GCC_WARN_UNUSED_VARIABLE</key>
				<string>YES</string>
				<key>IPHONEOS_DEPLOYMENT_TARGET</key>
				<string>8.1</string>
				<key>MTL_ENABLE_DEBUG_INFO</key>
				<string>YES</string>
				<key>ONLY_ACTIVE_ARCH</key>
				<string>YES</string>
				<key>SDKROOT</key>
				<string>iphoneos</string>
				<key>SWIFT_OPTIMIZATION_LEVEL</key>
				<string>-Onone</string>
				<key>USER_HEADER_SEARCH_PATHS</key>
				<string>"${PODS_ROOT}/BuildHeaders"</string>
			</dict>
			<key>isa</key>
			<string>XCBuildConfiguration</string>
			<key>name</key>
			<string>Debug</string>
		</dict>
		<key>69AD761F1A8E9DCF001CF262</key>
		<dict>
			<key>buildSettings</key>
			<dict>
				<key>ALWAYS_SEARCH_USER_PATHS</key>
				<string>NO</string>
				<key>CLANG_CXX_LANGUAGE_STANDARD</key>
				<string>gnu++0x</string>
				<key>CLANG_CXX_LIBRARY</key>
				<string>libc++</string>
				<key>CLANG_ENABLE_MODULES</key>
				<string>YES</string>
				<key>CLANG_ENABLE_OBJC_ARC</key>
				<string>YES</string>
				<key>CLANG_WARN_BOOL_CONVERSION</key>
				<string>YES</string>
				<key>CLANG_WARN_CONSTANT_CONVERSION</key>
				<string>YES</string>
				<key>CLANG_WARN_DIRECT_OBJC_ISA_USAGE</key>
				<string>YES_ERROR</string>
				<key>CLANG_WARN_EMPTY_BODY</key>
				<string>YES</string>
				<key>CLANG_WARN_ENUM_CONVERSION</key>
				<string>YES</string>
				<key>CLANG_WARN_INT_CONVERSION</key>
				<string>YES</string>
				<key>CLANG_WARN_OBJC_ROOT_CLASS</key>
				<string>YES_ERROR</string>
				<key>CLANG_WARN_UNREACHABLE_CODE</key>
				<string>YES</string>
				<key>CLANG_WARN__DUPLICATE_METHOD_MATCH</key>
				<string>YES</string>
				<key>CODE_SIGN_IDENTITY[sdk=iphoneos*]</key>
				<string>iPhone Developer</string>
				<key>COPY_PHASE_STRIP</key>
				<string>YES</string>
				<key>ENABLE_NS_ASSERTIONS</key>
				<string>NO</string>
				<key>ENABLE_STRICT_OBJC_MSGSEND</key>
				<string>YES</string>
				<key>GCC_C_LANGUAGE_STANDARD</key>
				<string>gnu99</string>
				<key>GCC_WARN_64_TO_32_BIT_CONVERSION</key>
				<string>YES</string>
				<key>GCC_WARN_ABOUT_RETURN_TYPE</key>
				<string>YES_ERROR</string>
				<key>GCC_WARN_UNDECLARED_SELECTOR</key>
				<string>YES</string>
				<key>GCC_WARN_UNINITIALIZED_AUTOS</key>
				<string>YES_AGGRESSIVE</string>
				<key>GCC_WARN_UNUSED_FUNCTION</key>
				<string>YES</string>
				<key>GCC_WARN_UNUSED_VARIABLE</key>
				<string>YES</string>
				<key>IPHONEOS_DEPLOYMENT_TARGET</key>
				<string>8.1</string>
				<key>MTL_ENABLE_DEBUG_INFO</key>
				<string>NO</string>
				<key>SDKROOT</key>
				<string>iphoneos</string>
				<key>USER_HEADER_SEARCH_PATHS</key>
				<string>"${PODS_ROOT}/BuildHeaders"</string>
				<key>VALIDATE_PRODUCT</key>
				<string>YES</string>
			</dict>
			<key>isa</key>
			<string>XCBuildConfiguration</string>
			<key>name</key>
			<string>Release</string>
		</dict>
		<key>69AD76201A8E9DCF001CF262</key>
		<dict>
			<key>buildConfigurations</key>
			<array>
				<string>69AD76211A8E9DCF001CF262</string>
				<string>69AD76221A8E9DCF001CF262</string>
			</array>
			<key>defaultConfigurationIsVisible</key>
			<string>0</string>
			<key>defaultConfigurationName</key>
			<string>Release</string>
			<key>isa</key>
			<string>XCConfigurationList</string>
		</dict>
		<key>69AD76211A8E9DCF001CF262</key>
		<dict>
			<key>baseConfigurationReference</key>
			<string>C044208567C5C2366C876DF9</string>
			<key>buildSettings</key>
			<dict>
				<key>ASSETCATALOG_COMPILER_APPICON_NAME</key>
				<string>AppIcon</string>
				<key>CLANG_ENABLE_MODULES</key>
				<string>YES</string>
				<key>INFOPLIST_FILE</key>
				<string>Gift4/Info.plist</string>
				<key>LD_RUNPATH_SEARCH_PATHS</key>
				<string>$(inherited) @executable_path/Frameworks</string>
				<key>PRODUCT_NAME</key>
				<string>$(TARGET_NAME)</string>
				<key>SWIFT_OBJC_BRIDGING_HEADER</key>
				<string>Gift4/Gift4-Bridging-Header.h</string>
				<key>SWIFT_OPTIMIZATION_LEVEL</key>
				<string>-Onone</string>
			</dict>
			<key>isa</key>
			<string>XCBuildConfiguration</string>
			<key>name</key>
			<string>Debug</string>
		</dict>
		<key>69AD76221A8E9DCF001CF262</key>
		<dict>
			<key>baseConfigurationReference</key>
			<string>5EEBB450EA88F902B99E1989</string>
			<key>buildSettings</key>
			<dict>
				<key>ASSETCATALOG_COMPILER_APPICON_NAME</key>
				<string>AppIcon</string>
				<key>CLANG_ENABLE_MODULES</key>
				<string>YES</string>
				<key>INFOPLIST_FILE</key>
				<string>Gift4/Info.plist</string>
				<key>LD_RUNPATH_SEARCH_PATHS</key>
				<string>$(inherited) @executable_path/Frameworks</string>
				<key>PRODUCT_NAME</key>
				<string>$(TARGET_NAME)</string>
				<key>SWIFT_OBJC_BRIDGING_HEADER</key>
				<string>Gift4/Gift4-Bridging-Header.h</string>
			</dict>
			<key>isa</key>
			<string>XCBuildConfiguration</string>
			<key>name</key>
			<string>Release</string>
		</dict>
		<key>69AD76231A8E9DCF001CF262</key>
		<dict>
			<key>buildConfigurations</key>
			<array>
				<string>69AD76241A8E9DCF001CF262</string>
				<string>69AD76251A8E9DCF001CF262</string>
			</array>
			<key>defaultConfigurationIsVisible</key>
			<string>0</string>
			<key>defaultConfigurationName</key>
			<string>Release</string>
			<key>isa</key>
			<string>XCConfigurationList</string>
		</dict>
		<key>69AD76241A8E9DCF001CF262</key>
		<dict>
			<key>baseConfigurationReference</key>
			<string>18358B86B04E6BB359E08054</string>
			<key>buildSettings</key>
			<dict>
				<key>BUNDLE_LOADER</key>
				<string>$(TEST_HOST)</string>
				<key>FRAMEWORK_SEARCH_PATHS</key>
				<array>
					<string>$(SDKROOT)/Developer/Library/Frameworks</string>
					<string>$(inherited)</string>
				</array>
				<key>GCC_PREPROCESSOR_DEFINITIONS</key>
				<array>
					<string>DEBUG=1</string>
					<string>$(inherited)</string>
				</array>
				<key>INFOPLIST_FILE</key>
				<string>Gift4Tests/Info.plist</string>
				<key>LD_RUNPATH_SEARCH_PATHS</key>
				<string>$(inherited) @executable_path/Frameworks @loader_path/Frameworks</string>
				<key>PRODUCT_NAME</key>
				<string>$(TARGET_NAME)</string>
				<key>TEST_HOST</key>
				<string>$(BUILT_PRODUCTS_DIR)/Gift4.app/Gift4</string>
			</dict>
			<key>isa</key>
			<string>XCBuildConfiguration</string>
			<key>name</key>
			<string>Debug</string>
		</dict>
		<key>69AD76251A8E9DCF001CF262</key>
		<dict>
			<key>baseConfigurationReference</key>
			<string>E7376BBADDFCCECCB46C27DE</string>
			<key>buildSettings</key>
			<dict>
				<key>BUNDLE_LOADER</key>
				<string>$(TEST_HOST)</string>
				<key>FRAMEWORK_SEARCH_PATHS</key>
				<array>
					<string>$(SDKROOT)/Developer/Library/Frameworks</string>
					<string>$(inherited)</string>
				</array>
				<key>INFOPLIST_FILE</key>
				<string>Gift4Tests/Info.plist</string>
				<key>LD_RUNPATH_SEARCH_PATHS</key>
				<string>$(inherited) @executable_path/Frameworks @loader_path/Frameworks</string>
				<key>PRODUCT_NAME</key>
				<string>$(TARGET_NAME)</string>
				<key>TEST_HOST</key>
				<string>$(BUILT_PRODUCTS_DIR)/Gift4.app/Gift4</string>
			</dict>
			<key>isa</key>
			<string>XCBuildConfiguration</string>
			<key>name</key>
			<string>Release</string>
		</dict>
		<key>69AD76261A8EA824001CF262</key>
		<dict>
			<key>children</key>
			<array>
				<string>69AD760F1A8E9DCF001CF262</string>
				<string>69AD760A1A8E9DCF001CF262</string>
				<string>69AD76281A8EA84E001CF262</string>
				<string>69AD76291A8EA84E001CF262</string>
				<string>69AD76271A8EA84D001CF262</string>
				<string>69AD76371A8EB043001CF262</string>
				<string>698037F31A8EE9AC00A9B9B4</string>
			</array>
			<key>isa</key>
			<string>PBXGroup</string>
			<key>name</key>
			<string>View</string>
			<key>sourceTree</key>
			<string>&lt;group&gt;</string>
		</dict>
		<key>69AD76271A8EA84D001CF262</key>
		<dict>
			<key>isa</key>
			<string>PBXFileReference</string>
			<key>lastKnownFileType</key>
			<string>sourcecode.c.h</string>
			<key>path</key>
			<string>Gift4-Bridging-Header.h</string>
			<key>sourceTree</key>
			<string>&lt;group&gt;</string>
		</dict>
		<key>69AD76281A8EA84E001CF262</key>
		<dict>
			<key>fileEncoding</key>
			<string>4</string>
			<key>isa</key>
			<string>PBXFileReference</string>
			<key>lastKnownFileType</key>
			<string>sourcecode.c.h</string>
			<key>name</key>
			<string>PatternView.h</string>
			<key>path</key>
			<string>View/PatternView.h</string>
			<key>sourceTree</key>
			<string>&lt;group&gt;</string>
		</dict>
		<key>69AD76291A8EA84E001CF262</key>
		<dict>
			<key>fileEncoding</key>
			<string>4</string>
			<key>isa</key>
			<string>PBXFileReference</string>
			<key>lastKnownFileType</key>
			<string>sourcecode.c.objc</string>
			<key>name</key>
			<string>PatternView.m</string>
			<key>path</key>
			<string>View/PatternView.m</string>
			<key>sourceTree</key>
			<string>&lt;group&gt;</string>
		</dict>
		<key>69AD762A1A8EA84E001CF262</key>
		<dict>
			<key>fileRef</key>
			<string>69AD76291A8EA84E001CF262</string>
			<key>isa</key>
			<string>PBXBuildFile</string>
		</dict>
		<key>69AD762B1A8EAD36001CF262</key>
		<dict>
			<key>children</key>
			<array>
				<string>69AD762C1A8EAD63001CF262</string>
				<string>69AD760D1A8E9DCF001CF262</string>
				<string>690B3A981ABE7CAF00812E02</string>
				<string>690B3A991ABE7CAF00812E02</string>
			</array>
			<key>isa</key>
			<string>PBXGroup</string>
			<key>name</key>
			<string>Utils</string>
			<key>sourceTree</key>
			<string>&lt;group&gt;</string>
		</dict>
		<key>69AD762C1A8EAD63001CF262</key>
		<dict>
			<key>children</key>
			<array>
				<string>69AD762D1A8EAD75001CF262</string>
				<string>69AD762E1A8EAD75001CF262</string>
				<string>69AD762F1A8EAD75001CF262</string>
				<string>69AD76301A8EAD75001CF262</string>
				<string>69AD76311A8EAD75001CF262</string>
				<string>69AD76321A8EAD75001CF262</string>
				<string>69AD76331A8EAD75001CF262</string>
				<string>69AD76341A8EAD75001CF262</string>
				<string>69AD76351A8EAD75001CF262</string>
				<string>69AD76361A8EAD75001CF262</string>
			</array>
			<key>isa</key>
			<string>PBXGroup</string>
			<key>name</key>
			<string>Font</string>
			<key>sourceTree</key>
			<string>&lt;group&gt;</string>
		</dict>
		<key>69AD762D1A8EAD75001CF262</key>
		<dict>
			<key>isa</key>
			<string>PBXFileReference</string>
			<key>lastKnownFileType</key>
			<string>file</string>
			<key>path</key>
			<string>OpenSans-Bold.ttf</string>
			<key>sourceTree</key>
			<string>&lt;group&gt;</string>
		</dict>
		<key>69AD762E1A8EAD75001CF262</key>
		<dict>
			<key>isa</key>
			<string>PBXFileReference</string>
			<key>lastKnownFileType</key>
			<string>file</string>
			<key>path</key>
			<string>OpenSans-BoldItalic.ttf</string>
			<key>sourceTree</key>
			<string>&lt;group&gt;</string>
		</dict>
		<key>69AD762F1A8EAD75001CF262</key>
		<dict>
			<key>isa</key>
			<string>PBXFileReference</string>
			<key>lastKnownFileType</key>
			<string>file</string>
			<key>path</key>
			<string>OpenSans-ExtraBold.ttf</string>
			<key>sourceTree</key>
			<string>&lt;group&gt;</string>
		</dict>
		<key>69AD76301A8EAD75001CF262</key>
		<dict>
			<key>isa</key>
			<string>PBXFileReference</string>
			<key>lastKnownFileType</key>
			<string>file</string>
			<key>path</key>
			<string>OpenSans-ExtraBoldItalic.ttf</string>
			<key>sourceTree</key>
			<string>&lt;group&gt;</string>
		</dict>
		<key>69AD76311A8EAD75001CF262</key>
		<dict>
			<key>isa</key>
			<string>PBXFileReference</string>
			<key>lastKnownFileType</key>
			<string>file</string>
			<key>path</key>
			<string>OpenSans-Italic.ttf</string>
			<key>sourceTree</key>
			<string>&lt;group&gt;</string>
		</dict>
		<key>69AD76321A8EAD75001CF262</key>
		<dict>
			<key>isa</key>
			<string>PBXFileReference</string>
			<key>lastKnownFileType</key>
			<string>file</string>
			<key>path</key>
			<string>OpenSans-Light.ttf</string>
			<key>sourceTree</key>
			<string>&lt;group&gt;</string>
		</dict>
		<key>69AD76331A8EAD75001CF262</key>
		<dict>
			<key>isa</key>
			<string>PBXFileReference</string>
			<key>lastKnownFileType</key>
			<string>file</string>
			<key>path</key>
			<string>OpenSans-LightItalic.ttf</string>
			<key>sourceTree</key>
			<string>&lt;group&gt;</string>
		</dict>
		<key>69AD76341A8EAD75001CF262</key>
		<dict>
			<key>isa</key>
			<string>PBXFileReference</string>
			<key>lastKnownFileType</key>
			<string>file</string>
			<key>path</key>
			<string>OpenSans-Regular.ttf</string>
			<key>sourceTree</key>
			<string>&lt;group&gt;</string>
		</dict>
		<key>69AD76351A8EAD75001CF262</key>
		<dict>
			<key>isa</key>
			<string>PBXFileReference</string>
			<key>lastKnownFileType</key>
			<string>file</string>
			<key>path</key>
			<string>OpenSans-Semibold.ttf</string>
			<key>sourceTree</key>
			<string>&lt;group&gt;</string>
		</dict>
		<key>69AD76361A8EAD75001CF262</key>
		<dict>
			<key>isa</key>
			<string>PBXFileReference</string>
			<key>lastKnownFileType</key>
			<string>file</string>
			<key>path</key>
			<string>OpenSans-SemiboldItalic.ttf</string>
			<key>sourceTree</key>
			<string>&lt;group&gt;</string>
		</dict>
		<key>69AD76371A8EB043001CF262</key>
		<dict>
			<key>fileEncoding</key>
			<string>4</string>
			<key>isa</key>
			<string>PBXFileReference</string>
			<key>lastKnownFileType</key>
			<string>sourcecode.swift</string>
			<key>name</key>
			<string>CornerView.swift</string>
			<key>path</key>
			<string>View/CornerView.swift</string>
			<key>sourceTree</key>
			<string>&lt;group&gt;</string>
		</dict>
		<key>69AD76381A8EB043001CF262</key>
		<dict>
			<key>fileRef</key>
			<string>69AD76371A8EB043001CF262</string>
			<key>isa</key>
			<string>PBXBuildFile</string>
		</dict>
		<key>69AD76391A8EC378001CF262</key>
		<dict>
			<key>children</key>
			<array>
				<string>69AD76081A8E9DCF001CF262</string>
				<string>69AD763C1A8EC3D8001CF262</string>
				<string>69AD763E1A8EC3E8001CF262</string>
				<string>690B3A9B1ABF0DE700812E02</string>
				<string>690B3A9C1ABF0DE700812E02</string>
			</array>
			<key>isa</key>
			<string>PBXGroup</string>
			<key>name</key>
			<string>Controller</string>
			<key>sourceTree</key>
			<string>&lt;group&gt;</string>
		</dict>
		<key>69AD763C1A8EC3D8001CF262</key>
		<dict>
			<key>fileEncoding</key>
			<string>4</string>
			<key>isa</key>
			<string>PBXFileReference</string>
			<key>lastKnownFileType</key>
			<string>sourcecode.swift</string>
			<key>name</key>
			<string>RegisterViewController.swift</string>
			<key>path</key>
			<string>Controller/RegisterViewController.swift</string>
			<key>sourceTree</key>
			<string>&lt;group&gt;</string>
		</dict>
		<key>69AD763D1A8EC3D8001CF262</key>
		<dict>
			<key>fileRef</key>
			<string>69AD763C1A8EC3D8001CF262</string>
			<key>isa</key>
			<string>PBXBuildFile</string>
		</dict>
		<key>69AD763E1A8EC3E8001CF262</key>
		<dict>
			<key>fileEncoding</key>
			<string>4</string>
			<key>isa</key>
			<string>PBXFileReference</string>
			<key>lastKnownFileType</key>
			<string>sourcecode.swift</string>
			<key>name</key>
			<string>WelcomeViewController.swift</string>
			<key>path</key>
			<string>Controller/WelcomeViewController.swift</string>
			<key>sourceTree</key>
			<string>&lt;group&gt;</string>
		</dict>
		<key>69AD763F1A8EC3E8001CF262</key>
		<dict>
			<key>fileRef</key>
			<string>69AD763E1A8EC3E8001CF262</string>
			<key>isa</key>
			<string>PBXBuildFile</string>
		</dict>
		<key>7E991F560D8FD9EDBDFB7084</key>
		<dict>
			<key>buildActionMask</key>
			<string>2147483647</string>
			<key>files</key>
			<array/>
			<key>inputPaths</key>
			<array/>
			<key>isa</key>
			<string>PBXShellScriptBuildPhase</string>
			<key>name</key>
			<string>Check Pods Manifest.lock</string>
			<key>outputPaths</key>
			<array/>
			<key>runOnlyForDeploymentPostprocessing</key>
			<string>0</string>
			<key>shellPath</key>
			<string>/bin/sh</string>
			<key>shellScript</key>
			<string>diff "${PODS_ROOT}/../Podfile.lock" "${PODS_ROOT}/Manifest.lock" &gt; /dev/null
if [[ $? != 0 ]] ; then
    cat &lt;&lt; EOM
error: The sandbox is not in sync with the Podfile.lock. Run 'pod install' or update your CocoaPods installation.
EOM
    exit 1
fi
</string>
			<key>showEnvVarsInLog</key>
			<string>0</string>
		</dict>
		<key>8585C7EDD5397C4E07DA8F3B</key>
		<dict>
			<key>buildActionMask</key>
			<string>2147483647</string>
			<key>files</key>
			<array/>
			<key>inputPaths</key>
			<array/>
			<key>isa</key>
			<string>PBXShellScriptBuildPhase</string>
			<key>name</key>
			<string>Copy Pods Resources</string>
			<key>outputPaths</key>
			<array/>
			<key>runOnlyForDeploymentPostprocessing</key>
			<string>0</string>
			<key>shellPath</key>
			<string>/bin/sh</string>
			<key>shellScript</key>
			<string>"${SRCROOT}/Pods/Target Support Files/Pods-Gift4/Pods-Gift4-resources.sh"
</string>
			<key>showEnvVarsInLog</key>
			<string>0</string>
		</dict>
		<key>87CF3D1DC1FDDC46039390D0</key>
		<dict>
			<key>children</key>
			<array>
				<string>F2771081F1483EFA8B72EF94</string>
				<string>A1EAB7A250038EAE5DAD7F05</string>
				<string>C044208567C5C2366C876DF9</string>
				<string>5EEBB450EA88F902B99E1989</string>
				<string>18358B86B04E6BB359E08054</string>
				<string>E7376BBADDFCCECCB46C27DE</string>
			</array>
			<key>isa</key>
			<string>PBXGroup</string>
			<key>name</key>
			<string>Pods</string>
			<key>sourceTree</key>
			<string>&lt;group&gt;</string>
		</dict>
		<key>98F166A9FDEE1182F49C589A</key>
		<dict>
			<key>children</key>
			<array>
				<string>5336403C2244EDFF61F641F2</string>
				<string>D3F626584F0739395A7BF805</string>
				<string>54F66D21A219E2DE2552C558</string>
			</array>
			<key>isa</key>
			<string>PBXGroup</string>
			<key>name</key>
			<string>Frameworks</string>
			<key>sourceTree</key>
			<string>&lt;group&gt;</string>
		</dict>
		<key>A1EAB7A250038EAE5DAD7F05</key>
		<dict>
			<key>includeInIndex</key>
			<string>1</string>
			<key>isa</key>
			<string>PBXFileReference</string>
			<key>lastKnownFileType</key>
			<string>text.xcconfig</string>
			<key>name</key>
			<string>Pods.release.xcconfig</string>
			<key>path</key>
			<string>Pods/Target Support Files/Pods/Pods.release.xcconfig</string>
			<key>sourceTree</key>
			<string>&lt;group&gt;</string>
		</dict>
		<key>C044208567C5C2366C876DF9</key>
		<dict>
			<key>includeInIndex</key>
			<string>1</string>
			<key>isa</key>
			<string>PBXFileReference</string>
			<key>lastKnownFileType</key>
			<string>text.xcconfig</string>
			<key>name</key>
			<string>Pods-Gift4.debug.xcconfig</string>
			<key>path</key>
			<string>Pods/Target Support Files/Pods-Gift4/Pods-Gift4.debug.xcconfig</string>
			<key>sourceTree</key>
			<string>&lt;group&gt;</string>
		</dict>
		<key>D3F626584F0739395A7BF805</key>
		<dict>
			<key>explicitFileType</key>
			<string>archive.ar</string>
			<key>includeInIndex</key>
			<string>0</string>
			<key>isa</key>
			<string>PBXFileReference</string>
			<key>path</key>
			<string>libPods-Gift4.a</string>
			<key>sourceTree</key>
			<string>BUILT_PRODUCTS_DIR</string>
		</dict>
		<key>DE77440671D02D2B9482DFB9</key>
		<dict>
			<key>fileRef</key>
			<string>5336403C2244EDFF61F641F2</string>
			<key>isa</key>
			<string>PBXBuildFile</string>
		</dict>
		<key>E7376BBADDFCCECCB46C27DE</key>
		<dict>
			<key>includeInIndex</key>
			<string>1</string>
			<key>isa</key>
			<string>PBXFileReference</string>
			<key>lastKnownFileType</key>
			<string>text.xcconfig</string>
			<key>name</key>
			<string>Pods-Gift4Tests.release.xcconfig</string>
			<key>path</key>
			<string>Pods/Target Support Files/Pods-Gift4Tests/Pods-Gift4Tests.release.xcconfig</string>
			<key>sourceTree</key>
			<string>&lt;group&gt;</string>
		</dict>
		<key>ECEF9CC15F03076EDEAC298C</key>
		<dict>
			<key>buildActionMask</key>
			<string>2147483647</string>
			<key>files</key>
			<array/>
			<key>inputPaths</key>
			<array/>
			<key>isa</key>
			<string>PBXShellScriptBuildPhase</string>
			<key>name</key>
			<string>Copy Pods Resources</string>
			<key>outputPaths</key>
			<array/>
			<key>runOnlyForDeploymentPostprocessing</key>
			<string>0</string>
			<key>shellPath</key>
			<string>/bin/sh</string>
			<key>shellScript</key>
			<string>"${SRCROOT}/Pods/Target Support Files/Pods-Gift4Tests/Pods-Gift4Tests-resources.sh"
</string>
			<key>showEnvVarsInLog</key>
			<string>0</string>
		</dict>
		<key>F2771081F1483EFA8B72EF94</key>
		<dict>
			<key>includeInIndex</key>
			<string>1</string>
			<key>isa</key>
			<string>PBXFileReference</string>
			<key>lastKnownFileType</key>
			<string>text.xcconfig</string>
			<key>name</key>
			<string>Pods.debug.xcconfig</string>
			<key>path</key>
			<string>Pods/Target Support Files/Pods/Pods.debug.xcconfig</string>
			<key>sourceTree</key>
			<string>&lt;group&gt;</string>
		</dict>
		<key>FFF332DF5C63568FF9056109</key>
		<dict>
			<key>fileRef</key>
			<string>D3F626584F0739395A7BF805</string>
			<key>isa</key>
			<string>PBXBuildFile</string>
		</dict>
		<key>OBJCLEANCUSTOMRUNSCRIPTT</key>
		<dict>
			<key>buildActionMask</key>
			<string>8</string>
			<key>files</key>
			<array/>
			<key>inputPaths</key>
			<array/>
			<key>isa</key>
			<string>PBXShellScriptBuildPhase</string>
			<key>name</key>
			<string>Objective-Clean Run Script</string>
			<key>outputPaths</key>
			<array/>
			<key>runOnlyForDeploymentPostprocessing</key>
			<string>1</string>
			<key>shellPath</key>
			<string>/bin/bash</string>
			<key>shellScript</key>
			<string>if [[ -z ${SKIP_OBJCLEAN} || ${SKIP_OBJCLEAN} != 1 ]]; then
if [[ -d "${LOCAL_APPS_DIR}/Objective-Clean.app" ]]; then 
"${LOCAL_APPS_DIR}"/Objective-Clean.app/Contents/Resources/ObjClean.app/Contents/MacOS/ObjClean "${SRCROOT}" 
else
echo "warning: You have to install and set up Objective-Clean to use its features!" 
fi
fi</string>
		</dict>
	</dict>
	<key>rootObject</key>
	<string>69AD75F91A8E9DCF001CF262</string>
</dict>
</plist>
