// !$*UTF8*$!
{
	archiveVersion = 1;
	classes = {
	};
	objectVersion = 46;
	objects = {

/* Begin PBXBuildFile section */
		69AD76071A8E9DCF001CF262 /* AppDelegate.swift in Sources */ = {isa = PBXBuildFile; fileRef = 69AD76061A8E9DCF001CF262 /* AppDelegate.swift */; };
		69AD76091A8E9DCF001CF262 /* ViewController.swift in Sources */ = {isa = PBXBuildFile; fileRef = 69AD76081A8E9DCF001CF262 /* ViewController.swift */; };
		69AD760C1A8E9DCF001CF262 /* Main.storyboard in Resources */ = {isa = PBXBuildFile; fileRef = 69AD760A1A8E9DCF001CF262 /* Main.storyboard */; };
		69AD760E1A8E9DCF001CF262 /* Images.xcassets in Resources */ = {isa = PBXBuildFile; fileRef = 69AD760D1A8E9DCF001CF262 /* Images.xcassets */; };
		69AD76111A8E9DCF001CF262 /* LaunchScreen.xib in Resources */ = {isa = PBXBuildFile; fileRef = 69AD760F1A8E9DCF001CF262 /* LaunchScreen.xib */; };
		69AD761D1A8E9DCF001CF262 /* Gift4Tests.swift in Sources */ = {isa = PBXBuildFile; fileRef = 69AD761C1A8E9DCF001CF262 /* Gift4Tests.swift */; };
		69AD762A1A8EA84E001CF262 /* PatternView.m in Sources */ = {isa = PBXBuildFile; fileRef = 69AD76291A8EA84E001CF262 /* PatternView.m */; };
		69AD76381A8EB043001CF262 /* CornerView.swift in Sources */ = {isa = PBXBuildFile; fileRef = 69AD76371A8EB043001CF262 /* CornerView.swift */; };
		69AD763B1A8EC3C0001CF262 /* LoginViewController.swift in Sources */ = {isa = PBXBuildFile; fileRef = 69AD763A1A8EC3C0001CF262 /* LoginViewController.swift */; };
		69AD763D1A8EC3D8001CF262 /* RegisterViewController.swift in Sources */ = {isa = PBXBuildFile; fileRef = 69AD763C1A8EC3D8001CF262 /* RegisterViewController.swift */; };
		69AD763F1A8EC3E8001CF262 /* WelcomeViewController.swift in Sources */ = {isa = PBXBuildFile; fileRef = 69AD763E1A8EC3E8001CF262 /* WelcomeViewController.swift */; };
		DE77440671D02D2B9482DFB9 /* libPods.a in Frameworks */ = {isa = PBXBuildFile; fileRef = 5336403C2244EDFF61F641F2 /* libPods.a */; };
/* End PBXBuildFile section */

/* Begin PBXContainerItemProxy section */
		69AD76171A8E9DCF001CF262 /* PBXContainerItemProxy */ = {
			isa = PBXContainerItemProxy;
			containerPortal = 69AD75F91A8E9DCF001CF262 /* Project object */;
			proxyType = 1;
			remoteGlobalIDString = 69AD76001A8E9DCF001CF262;
			remoteInfo = Gift4;
		};
/* End PBXContainerItemProxy section */

/* Begin PBXFileReference section */
		5336403C2244EDFF61F641F2 /* libPods.a */ = {isa = PBXFileReference; explicitFileType = archive.ar; includeInIndex = 0; path = libPods.a; sourceTree = BUILT_PRODUCTS_DIR; };
		69AD76011A8E9DCF001CF262 /* Gift4.app */ = {isa = PBXFileReference; explicitFileType = wrapper.application; includeInIndex = 0; path = Gift4.app; sourceTree = BUILT_PRODUCTS_DIR; };
		69AD76051A8E9DCF001CF262 /* Info.plist */ = {isa = PBXFileReference; lastKnownFileType = text.plist.xml; path = Info.plist; sourceTree = "<group>"; };
		69AD76061A8E9DCF001CF262 /* AppDelegate.swift */ = {isa = PBXFileReference; lastKnownFileType = sourcecode.swift; path = AppDelegate.swift; sourceTree = "<group>"; };
		69AD76081A8E9DCF001CF262 /* ViewController.swift */ = {isa = PBXFileReference; lastKnownFileType = sourcecode.swift; path = ViewController.swift; sourceTree = "<group>"; };
		69AD760B1A8E9DCF001CF262 /* Base */ = {isa = PBXFileReference; lastKnownFileType = file.storyboard; name = Base; path = Base.lproj/Main.storyboard; sourceTree = "<group>"; };
		69AD760D1A8E9DCF001CF262 /* Images.xcassets */ = {isa = PBXFileReference; lastKnownFileType = folder.assetcatalog; path = Images.xcassets; sourceTree = "<group>"; };
		69AD76101A8E9DCF001CF262 /* Base */ = {isa = PBXFileReference; lastKnownFileType = file.xib; name = Base; path = Base.lproj/LaunchScreen.xib; sourceTree = "<group>"; };
		69AD76161A8E9DCF001CF262 /* Gift4Tests.xctest */ = {isa = PBXFileReference; explicitFileType = wrapper.cfbundle; includeInIndex = 0; path = Gift4Tests.xctest; sourceTree = BUILT_PRODUCTS_DIR; };
		69AD761B1A8E9DCF001CF262 /* Info.plist */ = {isa = PBXFileReference; lastKnownFileType = text.plist.xml; path = Info.plist; sourceTree = "<group>"; };
		69AD761C1A8E9DCF001CF262 /* Gift4Tests.swift */ = {isa = PBXFileReference; lastKnownFileType = sourcecode.swift; path = Gift4Tests.swift; sourceTree = "<group>"; };
		69AD76271A8EA84D001CF262 /* Gift4-Bridging-Header.h */ = {isa = PBXFileReference; lastKnownFileType = sourcecode.c.h; path = "Gift4-Bridging-Header.h"; sourceTree = "<group>"; };
		69AD76281A8EA84E001CF262 /* PatternView.h */ = {isa = PBXFileReference; fileEncoding = 4; lastKnownFileType = sourcecode.c.h; name = PatternView.h; path = View/PatternView.h; sourceTree = "<group>"; };
		69AD76291A8EA84E001CF262 /* PatternView.m */ = {isa = PBXFileReference; fileEncoding = 4; lastKnownFileType = sourcecode.c.objc; name = PatternView.m; path = View/PatternView.m; sourceTree = "<group>"; };
		69AD762D1A8EAD75001CF262 /* OpenSans-Bold.ttf */ = {isa = PBXFileReference; lastKnownFileType = file; path = "OpenSans-Bold.ttf"; sourceTree = "<group>"; };
		69AD762E1A8EAD75001CF262 /* OpenSans-BoldItalic.ttf */ = {isa = PBXFileReference; lastKnownFileType = file; path = "OpenSans-BoldItalic.ttf"; sourceTree = "<group>"; };
		69AD762F1A8EAD75001CF262 /* OpenSans-ExtraBold.ttf */ = {isa = PBXFileReference; lastKnownFileType = file; path = "OpenSans-ExtraBold.ttf"; sourceTree = "<group>"; };
		69AD76301A8EAD75001CF262 /* OpenSans-ExtraBoldItalic.ttf */ = {isa = PBXFileReference; lastKnownFileType = file; path = "OpenSans-ExtraBoldItalic.ttf"; sourceTree = "<group>"; };
		69AD76311A8EAD75001CF262 /* OpenSans-Italic.ttf */ = {isa = PBXFileReference; lastKnownFileType = file; path = "OpenSans-Italic.ttf"; sourceTree = "<group>"; };
		69AD76321A8EAD75001CF262 /* OpenSans-Light.ttf */ = {isa = PBXFileReference; lastKnownFileType = file; path = "OpenSans-Light.ttf"; sourceTree = "<group>"; };
		69AD76331A8EAD75001CF262 /* OpenSans-LightItalic.ttf */ = {isa = PBXFileReference; lastKnownFileType = file; path = "OpenSans-LightItalic.ttf"; sourceTree = "<group>"; };
		69AD76341A8EAD75001CF262 /* OpenSans-Regular.ttf */ = {isa = PBXFileReference; lastKnownFileType = file; path = "OpenSans-Regular.ttf"; sourceTree = "<group>"; };
		69AD76351A8EAD75001CF262 /* OpenSans-Semibold.ttf */ = {isa = PBXFileReference; lastKnownFileType = file; path = "OpenSans-Semibold.ttf"; sourceTree = "<group>"; };
		69AD76361A8EAD75001CF262 /* OpenSans-SemiboldItalic.ttf */ = {isa = PBXFileReference; lastKnownFileType = file; path = "OpenSans-SemiboldItalic.ttf"; sourceTree = "<group>"; };
		69AD76371A8EB043001CF262 /* CornerView.swift */ = {isa = PBXFileReference; fileEncoding = 4; lastKnownFileType = sourcecode.swift; name = CornerView.swift; path = View/CornerView.swift; sourceTree = "<group>"; };
		69AD763A1A8EC3C0001CF262 /* LoginViewController.swift */ = {isa = PBXFileReference; fileEncoding = 4; lastKnownFileType = sourcecode.swift; name = LoginViewController.swift; path = Controller/LoginViewController.swift; sourceTree = "<group>"; };
		69AD763C1A8EC3D8001CF262 /* RegisterViewController.swift */ = {isa = PBXFileReference; fileEncoding = 4; lastKnownFileType = sourcecode.swift; name = RegisterViewController.swift; path = Controller/RegisterViewController.swift; sourceTree = "<group>"; };
		69AD763E1A8EC3E8001CF262 /* WelcomeViewController.swift */ = {isa = PBXFileReference; fileEncoding = 4; lastKnownFileType = sourcecode.swift; name = WelcomeViewController.swift; path = Controller/WelcomeViewController.swift; sourceTree = "<group>"; };
		A1EAB7A250038EAE5DAD7F05 /* Pods.release.xcconfig */ = {isa = PBXFileReference; includeInIndex = 1; lastKnownFileType = text.xcconfig; name = Pods.release.xcconfig; path = "Pods/Target Support Files/Pods/Pods.release.xcconfig"; sourceTree = "<group>"; };
		F2771081F1483EFA8B72EF94 /* Pods.debug.xcconfig */ = {isa = PBXFileReference; includeInIndex = 1; lastKnownFileType = text.xcconfig; name = Pods.debug.xcconfig; path = "Pods/Target Support Files/Pods/Pods.debug.xcconfig"; sourceTree = "<group>"; };
/* End PBXFileReference section */

/* Begin PBXFrameworksBuildPhase section */
		69AD75FE1A8E9DCF001CF262 /* Frameworks */ = {
			isa = PBXFrameworksBuildPhase;
			buildActionMask = 2147483647;
			files = (
				DE77440671D02D2B9482DFB9 /* libPods.a in Frameworks */,
			);
			runOnlyForDeploymentPostprocessing = 0;
		};
		69AD76131A8E9DCF001CF262 /* Frameworks */ = {
			isa = PBXFrameworksBuildPhase;
			buildActionMask = 2147483647;
			files = (
			);
			runOnlyForDeploymentPostprocessing = 0;
		};
/* End PBXFrameworksBuildPhase section */

/* Begin PBXGroup section */
		69AD75F81A8E9DCF001CF262 = {
			isa = PBXGroup;
			children = (
				69AD76031A8E9DCF001CF262 /* Gift4 */,
				69AD76191A8E9DCF001CF262 /* Gift4Tests */,
				69AD76021A8E9DCF001CF262 /* Products */,
				87CF3D1DC1FDDC46039390D0 /* Pods */,
				98F166A9FDEE1182F49C589A /* Frameworks */,
			);
			sourceTree = "<group>";
		};
		69AD76021A8E9DCF001CF262 /* Products */ = {
			isa = PBXGroup;
			children = (
				69AD76011A8E9DCF001CF262 /* Gift4.app */,
				69AD76161A8E9DCF001CF262 /* Gift4Tests.xctest */,
			);
			name = Products;
			sourceTree = "<group>";
		};
		69AD76031A8E9DCF001CF262 /* Gift4 */ = {
			isa = PBXGroup;
			children = (
				69AD76391A8EC378001CF262 /* Controller */,
				69AD762B1A8EAD36001CF262 /* Utils */,
				69AD76261A8EA824001CF262 /* View */,
				69AD76041A8E9DCF001CF262 /* Supporting Files */,
			);
			path = Gift4;
			sourceTree = "<group>";
		};
		69AD76041A8E9DCF001CF262 /* Supporting Files */ = {
			isa = PBXGroup;
			children = (
				69AD76061A8E9DCF001CF262 /* AppDelegate.swift */,
				69AD76051A8E9DCF001CF262 /* Info.plist */,
			);
			name = "Supporting Files";
			sourceTree = "<group>";
		};
		69AD76191A8E9DCF001CF262 /* Gift4Tests */ = {
			isa = PBXGroup;
			children = (
				69AD761C1A8E9DCF001CF262 /* Gift4Tests.swift */,
				69AD761A1A8E9DCF001CF262 /* Supporting Files */,
			);
			path = Gift4Tests;
			sourceTree = "<group>";
		};
		69AD761A1A8E9DCF001CF262 /* Supporting Files */ = {
			isa = PBXGroup;
			children = (
				69AD761B1A8E9DCF001CF262 /* Info.plist */,
			);
			name = "Supporting Files";
			sourceTree = "<group>";
		};
		69AD76261A8EA824001CF262 /* View */ = {
			isa = PBXGroup;
			children = (
				69AD760F1A8E9DCF001CF262 /* LaunchScreen.xib */,
				69AD760A1A8E9DCF001CF262 /* Main.storyboard */,
				69AD76281A8EA84E001CF262 /* PatternView.h */,
				69AD76291A8EA84E001CF262 /* PatternView.m */,
				69AD76271A8EA84D001CF262 /* Gift4-Bridging-Header.h */,
				69AD76371A8EB043001CF262 /* CornerView.swift */,
			);
			name = View;
			sourceTree = "<group>";
		};
		69AD762B1A8EAD36001CF262 /* Utils */ = {
			isa = PBXGroup;
			children = (
				69AD762C1A8EAD63001CF262 /* Font */,
				69AD760D1A8E9DCF001CF262 /* Images.xcassets */,
			);
			name = Utils;
			sourceTree = "<group>";
		};
		69AD762C1A8EAD63001CF262 /* Font */ = {
			isa = PBXGroup;
			children = (
				69AD762D1A8EAD75001CF262 /* OpenSans-Bold.ttf */,
				69AD762E1A8EAD75001CF262 /* OpenSans-BoldItalic.ttf */,
				69AD762F1A8EAD75001CF262 /* OpenSans-ExtraBold.ttf */,
				69AD76301A8EAD75001CF262 /* OpenSans-ExtraBoldItalic.ttf */,
				69AD76311A8EAD75001CF262 /* OpenSans-Italic.ttf */,
				69AD76321A8EAD75001CF262 /* OpenSans-Light.ttf */,
				69AD76331A8EAD75001CF262 /* OpenSans-LightItalic.ttf */,
				69AD76341A8EAD75001CF262 /* OpenSans-Regular.ttf */,
				69AD76351A8EAD75001CF262 /* OpenSans-Semibold.ttf */,
				69AD76361A8EAD75001CF262 /* OpenSans-SemiboldItalic.ttf */,
			);
			name = Font;
			sourceTree = "<group>";
		};
		69AD76391A8EC378001CF262 /* Controller */ = {
			isa = PBXGroup;
			children = (
				69AD76081A8E9DCF001CF262 /* ViewController.swift */,
				69AD763A1A8EC3C0001CF262 /* LoginViewController.swift */,
				69AD763C1A8EC3D8001CF262 /* RegisterViewController.swift */,
				69AD763E1A8EC3E8001CF262 /* WelcomeViewController.swift */,
			);
			name = Controller;
			sourceTree = "<group>";
		};
		87CF3D1DC1FDDC46039390D0 /* Pods */ = {
			isa = PBXGroup;
			children = (
				F2771081F1483EFA8B72EF94 /* Pods.debug.xcconfig */,
				A1EAB7A250038EAE5DAD7F05 /* Pods.release.xcconfig */,
			);
			name = Pods;
			sourceTree = "<group>";
		};
		98F166A9FDEE1182F49C589A /* Frameworks */ = {
			isa = PBXGroup;
			children = (
				5336403C2244EDFF61F641F2 /* libPods.a */,
			);
			name = Frameworks;
			sourceTree = "<group>";
		};
/* End PBXGroup section */

/* Begin PBXNativeTarget section */
		69AD76001A8E9DCF001CF262 /* Gift4 */ = {
			isa = PBXNativeTarget;
			buildConfigurationList = 69AD76201A8E9DCF001CF262 /* Build configuration list for PBXNativeTarget "Gift4" */;
			buildPhases = (
				30F8E65FF79582A56719CF51 /* Check Pods Manifest.lock */,
				69AD75FD1A8E9DCF001CF262 /* Sources */,
				69AD75FE1A8E9DCF001CF262 /* Frameworks */,
				69AD75FF1A8E9DCF001CF262 /* Resources */,
				8585C7EDD5397C4E07DA8F3B /* Copy Pods Resources */,
			);
			buildRules = (
			);
			dependencies = (
			);
			name = Gift4;
			productName = Gift4;
			productReference = 69AD76011A8E9DCF001CF262 /* Gift4.app */;
			productType = "com.apple.product-type.application";
		};
		69AD76151A8E9DCF001CF262 /* Gift4Tests */ = {
			isa = PBXNativeTarget;
			buildConfigurationList = 69AD76231A8E9DCF001CF262 /* Build configuration list for PBXNativeTarget "Gift4Tests" */;
			buildPhases = (
				69AD76121A8E9DCF001CF262 /* Sources */,
				69AD76131A8E9DCF001CF262 /* Frameworks */,
				69AD76141A8E9DCF001CF262 /* Resources */,
			);
			buildRules = (
			);
			dependencies = (
				69AD76181A8E9DCF001CF262 /* PBXTargetDependency */,
			);
			name = Gift4Tests;
			productName = Gift4Tests;
			productReference = 69AD76161A8E9DCF001CF262 /* Gift4Tests.xctest */;
			productType = "com.apple.product-type.bundle.unit-test";
		};
/* End PBXNativeTarget section */

/* Begin PBXProject section */
		69AD75F91A8E9DCF001CF262 /* Project object */ = {
			isa = PBXProject;
			attributes = {
				LastUpgradeCheck = 0610;
				ORGANIZATIONNAME = "Rafael Juzo Gomes Oda";
				TargetAttributes = {
					69AD76001A8E9DCF001CF262 = {
						CreatedOnToolsVersion = 6.1.1;
					};
					69AD76151A8E9DCF001CF262 = {
						CreatedOnToolsVersion = 6.1.1;
						TestTargetID = 69AD76001A8E9DCF001CF262;
					};
				};
			};
			buildConfigurationList = 69AD75FC1A8E9DCF001CF262 /* Build configuration list for PBXProject "Gift4" */;
			compatibilityVersion = "Xcode 3.2";
			developmentRegion = English;
			hasScannedForEncodings = 0;
			knownRegions = (
				en,
				Base,
			);
			mainGroup = 69AD75F81A8E9DCF001CF262;
			productRefGroup = 69AD76021A8E9DCF001CF262 /* Products */;
			projectDirPath = "";
			projectRoot = "";
			targets = (
				69AD76001A8E9DCF001CF262 /* Gift4 */,
				69AD76151A8E9DCF001CF262 /* Gift4Tests */,
			);
		};
/* End PBXProject section */

/* Begin PBXResourcesBuildPhase section */
		69AD75FF1A8E9DCF001CF262 /* Resources */ = {
			isa = PBXResourcesBuildPhase;
			buildActionMask = 2147483647;
			files = (
				69AD760C1A8E9DCF001CF262 /* Main.storyboard in Resources */,
				69AD76111A8E9DCF001CF262 /* LaunchScreen.xib in Resources */,
				69AD760E1A8E9DCF001CF262 /* Images.xcassets in Resources */,
			);
			runOnlyForDeploymentPostprocessing = 0;
		};
		69AD76141A8E9DCF001CF262 /* Resources */ = {
			isa = PBXResourcesBuildPhase;
			buildActionMask = 2147483647;
			files = (
			);
			runOnlyForDeploymentPostprocessing = 0;
		};
/* End PBXResourcesBuildPhase section */

/* Begin PBXShellScriptBuildPhase section */
		30F8E65FF79582A56719CF51 /* Check Pods Manifest.lock */ = {
			isa = PBXShellScriptBuildPhase;
			buildActionMask = 2147483647;
			files = (
			);
			inputPaths = (
			);
			name = "Check Pods Manifest.lock";
			outputPaths = (
			);
			runOnlyForDeploymentPostprocessing = 0;
			shellPath = /bin/sh;
			shellScript = "diff \"${PODS_ROOT}/../Podfile.lock\" \"${PODS_ROOT}/Manifest.lock\" > /dev/null\nif [[ $? != 0 ]] ; then\n    cat << EOM\nerror: The sandbox is not in sync with the Podfile.lock. Run 'pod install' or update your CocoaPods installation.\nEOM\n    exit 1\nfi\n";
			showEnvVarsInLog = 0;
		};
		8585C7EDD5397C4E07DA8F3B /* Copy Pods Resources */ = {
			isa = PBXShellScriptBuildPhase;
			buildActionMask = 2147483647;
			files = (
			);
			inputPaths = (
			);
			name = "Copy Pods Resources";
			outputPaths = (
			);
			runOnlyForDeploymentPostprocessing = 0;
			shellPath = /bin/sh;
			shellScript = "\"${SRCROOT}/Pods/Target Support Files/Pods/Pods-resources.sh\"\n";
			showEnvVarsInLog = 0;
		};
/* End PBXShellScriptBuildPhase section */

/* Begin PBXSourcesBuildPhase section */
		69AD75FD1A8E9DCF001CF262 /* Sources */ = {
			isa = PBXSourcesBuildPhase;
			buildActionMask = 2147483647;
			files = (
				69AD762A1A8EA84E001CF262 /* PatternView.m in Sources */,
				69AD76091A8E9DCF001CF262 /* ViewController.swift in Sources */,
				69AD76071A8E9DCF001CF262 /* AppDelegate.swift in Sources */,
				69AD763D1A8EC3D8001CF262 /* RegisterViewController.swift in Sources */,
				69AD763B1A8EC3C0001CF262 /* LoginViewController.swift in Sources */,
				69AD76381A8EB043001CF262 /* CornerView.swift in Sources */,
				69AD763F1A8EC3E8001CF262 /* WelcomeViewController.swift in Sources */,
			);
			runOnlyForDeploymentPostprocessing = 0;
		};
		69AD76121A8E9DCF001CF262 /* Sources */ = {
			isa = PBXSourcesBuildPhase;
			buildActionMask = 2147483647;
			files = (
				69AD761D1A8E9DCF001CF262 /* Gift4Tests.swift in Sources */,
			);
			runOnlyForDeploymentPostprocessing = 0;
		};
/* End PBXSourcesBuildPhase section */

/* Begin PBXTargetDependency section */
		69AD76181A8E9DCF001CF262 /* PBXTargetDependency */ = {
			isa = PBXTargetDependency;
			target = 69AD76001A8E9DCF001CF262 /* Gift4 */;
			targetProxy = 69AD76171A8E9DCF001CF262 /* PBXContainerItemProxy */;
		};
/* End PBXTargetDependency section */

/* Begin PBXVariantGroup section */
		69AD760A1A8E9DCF001CF262 /* Main.storyboard */ = {
			isa = PBXVariantGroup;
			children = (
				69AD760B1A8E9DCF001CF262 /* Base */,
			);
			name = Main.storyboard;
			sourceTree = "<group>";
		};
		69AD760F1A8E9DCF001CF262 /* LaunchScreen.xib */ = {
			isa = PBXVariantGroup;
			children = (
				69AD76101A8E9DCF001CF262 /* Base */,
			);
			name = LaunchScreen.xib;
			sourceTree = "<group>";
		};
/* End PBXVariantGroup section */

/* Begin XCBuildConfiguration section */
		69AD761E1A8E9DCF001CF262 /* Debug */ = {
			isa = XCBuildConfiguration;
			buildSettings = {
				ALWAYS_SEARCH_USER_PATHS = NO;
				CLANG_CXX_LANGUAGE_STANDARD = "gnu++0x";
				CLANG_CXX_LIBRARY = "libc++";
				CLANG_ENABLE_MODULES = YES;
				CLANG_ENABLE_OBJC_ARC = YES;
				CLANG_WARN_BOOL_CONVERSION = YES;
				CLANG_WARN_CONSTANT_CONVERSION = YES;
				CLANG_WARN_DIRECT_OBJC_ISA_USAGE = YES_ERROR;
				CLANG_WARN_EMPTY_BODY = YES;
				CLANG_WARN_ENUM_CONVERSION = YES;
				CLANG_WARN_INT_CONVERSION = YES;
				CLANG_WARN_OBJC_ROOT_CLASS = YES_ERROR;
				CLANG_WARN_UNREACHABLE_CODE = YES;
				CLANG_WARN__DUPLICATE_METHOD_MATCH = YES;
				"CODE_SIGN_IDENTITY[sdk=iphoneos*]" = "iPhone Developer";
				COPY_PHASE_STRIP = NO;
				ENABLE_STRICT_OBJC_MSGSEND = YES;
				GCC_C_LANGUAGE_STANDARD = gnu99;
				GCC_DYNAMIC_NO_PIC = NO;
				GCC_OPTIMIZATION_LEVEL = 0;
				GCC_PREPROCESSOR_DEFINITIONS = (
					"DEBUG=1",
					"$(inherited)",
				);
				GCC_SYMBOLS_PRIVATE_EXTERN = NO;
				GCC_WARN_64_TO_32_BIT_CONVERSION = YES;
				GCC_WARN_ABOUT_RETURN_TYPE = YES_ERROR;
				GCC_WARN_UNDECLARED_SELECTOR = YES;
				GCC_WARN_UNINITIALIZED_AUTOS = YES_AGGRESSIVE;
				GCC_WARN_UNUSED_FUNCTION = YES;
				GCC_WARN_UNUSED_VARIABLE = YES;
				IPHONEOS_DEPLOYMENT_TARGET = 8.1;
				MTL_ENABLE_DEBUG_INFO = YES;
				ONLY_ACTIVE_ARCH = YES;
				SDKROOT = iphoneos;
				SWIFT_OPTIMIZATION_LEVEL = "-Onone";
			};
			name = Debug;
		};
		69AD761F1A8E9DCF001CF262 /* Release */ = {
			isa = XCBuildConfiguration;
			buildSettings = {
				ALWAYS_SEARCH_USER_PATHS = NO;
				CLANG_CXX_LANGUAGE_STANDARD = "gnu++0x";
				CLANG_CXX_LIBRARY = "libc++";
				CLANG_ENABLE_MODULES = YES;
				CLANG_ENABLE_OBJC_ARC = YES;
				CLANG_WARN_BOOL_CONVERSION = YES;
				CLANG_WARN_CONSTANT_CONVERSION = YES;
				CLANG_WARN_DIRECT_OBJC_ISA_USAGE = YES_ERROR;
				CLANG_WARN_EMPTY_BODY = YES;
				CLANG_WARN_ENUM_CONVERSION = YES;
				CLANG_WARN_INT_CONVERSION = YES;
				CLANG_WARN_OBJC_ROOT_CLASS = YES_ERROR;
				CLANG_WARN_UNREACHABLE_CODE = YES;
				CLANG_WARN__DUPLICATE_METHOD_MATCH = YES;
				"CODE_SIGN_IDENTITY[sdk=iphoneos*]" = "iPhone Developer";
				COPY_PHASE_STRIP = YES;
				ENABLE_NS_ASSERTIONS = NO;
				ENABLE_STRICT_OBJC_MSGSEND = YES;
				GCC_C_LANGUAGE_STANDARD = gnu99;
				GCC_WARN_64_TO_32_BIT_CONVERSION = YES;
				GCC_WARN_ABOUT_RETURN_TYPE = YES_ERROR;
				GCC_WARN_UNDECLARED_SELECTOR = YES;
				GCC_WARN_UNINITIALIZED_AUTOS = YES_AGGRESSIVE;
				GCC_WARN_UNUSED_FUNCTION = YES;
				GCC_WARN_UNUSED_VARIABLE = YES;
				IPHONEOS_DEPLOYMENT_TARGET = 8.1;
				MTL_ENABLE_DEBUG_INFO = NO;
				SDKROOT = iphoneos;
				VALIDATE_PRODUCT = YES;
			};
			name = Release;
		};
		69AD76211A8E9DCF001CF262 /* Debug */ = {
			isa = XCBuildConfiguration;
			baseConfigurationReference = F2771081F1483EFA8B72EF94 /* Pods.debug.xcconfig */;
			buildSettings = {
				ASSETCATALOG_COMPILER_APPICON_NAME = AppIcon;
				CLANG_ENABLE_MODULES = YES;
				INFOPLIST_FILE = Gift4/Info.plist;
				LD_RUNPATH_SEARCH_PATHS = "$(inherited) @executable_path/Frameworks";
				PRODUCT_NAME = "$(TARGET_NAME)";
				SWIFT_OBJC_BRIDGING_HEADER = "Gift4/Gift4-Bridging-Header.h";
				SWIFT_OPTIMIZATION_LEVEL = "-Onone";
			};
			name = Debug;
		};
		69AD76221A8E9DCF001CF262 /* Release */ = {
			isa = XCBuildConfiguration;
			baseConfigurationReference = A1EAB7A250038EAE5DAD7F05 /* Pods.release.xcconfig */;
			buildSettings = {
				ASSETCATALOG_COMPILER_APPICON_NAME = AppIcon;
				CLANG_ENABLE_MODULES = YES;
				INFOPLIST_FILE = Gift4/Info.plist;
				LD_RUNPATH_SEARCH_PATHS = "$(inherited) @executable_path/Frameworks";
				PRODUCT_NAME = "$(TARGET_NAME)";
				SWIFT_OBJC_BRIDGING_HEADER = "Gift4/Gift4-Bridging-Header.h";
			};
			name = Release;
		};
		69AD76241A8E9DCF001CF262 /* Debug */ = {
			isa = XCBuildConfiguration;
			buildSettings = {
				BUNDLE_LOADER = "$(TEST_HOST)";
				FRAMEWORK_SEARCH_PATHS = (
					"$(SDKROOT)/Developer/Library/Frameworks",
					"$(inherited)",
				);
				GCC_PREPROCESSOR_DEFINITIONS = (
					"DEBUG=1",
					"$(inherited)",
				);
				INFOPLIST_FILE = Gift4Tests/Info.plist;
				LD_RUNPATH_SEARCH_PATHS = "$(inherited) @executable_path/Frameworks @loader_path/Frameworks";
				PRODUCT_NAME = "$(TARGET_NAME)";
				TEST_HOST = "$(BUILT_PRODUCTS_DIR)/Gift4.app/Gift4";
			};
			name = Debug;
		};
		69AD76251A8E9DCF001CF262 /* Release */ = {
			isa = XCBuildConfiguration;
			buildSettings = {
				BUNDLE_LOADER = "$(TEST_HOST)";
				FRAMEWORK_SEARCH_PATHS = (
					"$(SDKROOT)/Developer/Library/Frameworks",
					"$(inherited)",
				);
				INFOPLIST_FILE = Gift4Tests/Info.plist;
				LD_RUNPATH_SEARCH_PATHS = "$(inherited) @executable_path/Frameworks @loader_path/Frameworks";
				PRODUCT_NAME = "$(TARGET_NAME)";
				TEST_HOST = "$(BUILT_PRODUCTS_DIR)/Gift4.app/Gift4";
			};
			name = Release;
		};
/* End XCBuildConfiguration section */

/* Begin XCConfigurationList section */
		69AD75FC1A8E9DCF001CF262 /* Build configuration list for PBXProject "Gift4" */ = {
			isa = XCConfigurationList;
			buildConfigurations = (
				69AD761E1A8E9DCF001CF262 /* Debug */,
				69AD761F1A8E9DCF001CF262 /* Release */,
			);
			defaultConfigurationIsVisible = 0;
			defaultConfigurationName = Release;
		};
		69AD76201A8E9DCF001CF262 /* Build configuration list for PBXNativeTarget "Gift4" */ = {
			isa = XCConfigurationList;
			buildConfigurations = (
				69AD76211A8E9DCF001CF262 /* Debug */,
				69AD76221A8E9DCF001CF262 /* Release */,
			);
			defaultConfigurationIsVisible = 0;
			defaultConfigurationName = Release;
		};
		69AD76231A8E9DCF001CF262 /* Build configuration list for PBXNativeTarget "Gift4Tests" */ = {
			isa = XCConfigurationList;
			buildConfigurations = (
				69AD76241A8E9DCF001CF262 /* Debug */,
				69AD76251A8E9DCF001CF262 /* Release */,
			);
			defaultConfigurationIsVisible = 0;
			defaultConfigurationName = Release;
		};
/* End XCConfigurationList section */
	};
	rootObject = 69AD75F91A8E9DCF001CF262 /* Project object */;
}
